
Microsoft Visual Studio Solution File, Format Version 12.00
# Visual Studio Version 17
VisualStudioVersion = 17.3.32811.315
MinimumVisualStudioVersion = 10.0.40219.1
Project("{2150E333-8FDC-42A3-9474-1A3956D46DE8}") = "tests", "tests", "{14ECABF6-201A-4535-84F1-4633BEAF61A2}"
EndProject
Project("{9A19103F-16F7-4668-BE54-9A1E7A4F7556}") = "CombatDicesTeam.Graphs.Layout", "src\CombatDicesTeam.Graphs.Layout\CombatDicesTeam.Graphs.Layout.csproj", "{6FC308D5-46C1-42B4-9DDC-85F7F5DB16E4}"
EndProject
Project("{9A19103F-16F7-4668-BE54-9A1E7A4F7556}") = "CombatDicesTeam.Graphs.Layout.Tests", "tests\CombatDicesTeam.Graphs.Layout.Tests\CombatDicesTeam.Graphs.Layout.Tests.csproj", "{D8A33056-0BEE-4307-A2A3-213CB1E08550}"
EndProject
Global
	GlobalSection(SolutionConfigurationPlatforms) = preSolution
		Debug|Any CPU = Debug|Any CPU
		Release|Any CPU = Release|Any CPU
	EndGlobalSection
	GlobalSection(ProjectConfigurationPlatforms) = postSolution
		{6FC308D5-46C1-42B4-9DDC-85F7F5DB16E4}.Debug|Any CPU.ActiveCfg = Debug|Any CPU
		{6FC308D5-46C1-42B4-9DDC-85F7F5DB16E4}.Debug|Any CPU.Build.0 = Debug|Any CPU
		{6FC308D5-46C1-42B4-9DDC-85F7F5DB16E4}.Release|Any CPU.ActiveCfg = Release|Any CPU
		{6FC308D5-46C1-42B4-9DDC-85F7F5DB16E4}.Release|Any CPU.Build.0 = Release|Any CPU
		{D8A33056-0BEE-4307-A2A3-213CB1E08550}.Debug|Any CPU.ActiveCfg = Debug|Any CPU
		{D8A33056-0BEE-4307-A2A3-213CB1E08550}.Debug|Any CPU.Build.0 = Debug|Any CPU
		{D8A33056-0BEE-4307-A2A3-213CB1E08550}.Release|Any CPU.ActiveCfg = Release|Any CPU
		{D8A33056-0BEE-4307-A2A3-213CB1E08550}.Release|Any CPU.Build.0 = Release|Any CPU
	EndGlobalSection
	GlobalSection(SolutionProperties) = preSolution
		HideSolutionNode = FALSE
	EndGlobalSection
	GlobalSection(NestedProjects) = preSolution
		{D8A33056-0BEE-4307-A2A3-213CB1E08550} = {14ECABF6-201A-4535-84F1-4633BEAF61A2}
	EndGlobalSection
	GlobalSection(ExtensibilityGlobals) = postSolution
		SolutionGuid = {4F838D56-8264-48DC-965F-FE1FED1421E0}
	EndGlobalSection
EndGlobal
